{
  "name": "my-k-game",
  "version": "1.0.0",
  "lockfileVersion": 3,
  "requires": true,
  "packages": {
    "": {
      "name": "my-k-game",
      "version": "1.0.0",
      "license": "ISC",
      "dependencies": {
        "images": "^3.2.4",
        "kaboom": "^3000.1.17"
      },
      "devDependencies": {}
    },
    "node_modules/images": {
      "version": "3.2.4",
      "resolved": "https://registry.npmjs.org/images/-/images-3.2.4.tgz",
      "integrity": "sha512-Uq61/Q8XixCRyKvws7tPwboK0O70Dbr4kMQZHw2dqdEhnU6TpaGwyMg0vzQ4aaGtrO9N3etq46XwF7hxbqp8ug==",
      "hasInstallScript": true
    },
    "node_modules/kaboom": {
      "version": "3000.1.17",
      "resolved": "https://registry.npmjs.org/kaboom/-/kaboom-3000.1.17.tgz",
      "integrity": "sha512-npAtjGxj9Oj9vLpXfURck9eUPHR2ac1Lhc1bNcZ0NWcs+Lgs40Ty+wjujv1C2DwjWvxaX+3r2G64M35BS/Ry2g=="
    }
  }
}
